
Microsoft Visual Studio Solution File, Format Version 12.00
# Visual Studio Version 16
VisualStudioVersion = 16.0.29123.88
MinimumVisualStudioVersion = 10.0.40219.1
Project("{8BC9CEB8-8B4A-11D0-8D11-00A0C91BC942}") = "02 Missing number", "02 Missing number\Missing number.vcxproj", "{8E16617F-81DC-4D86-9732-8B1A1955641E}"
EndProject
Project("{8BC9CEB8-8B4A-11D0-8D11-00A0C91BC942}") = "03 Minimum Path Sum", "03 Minimum Path Sum\03 Minimum Path Sum.vcxproj", "{F76B9075-6BDD-4C60-89A4-4B1137AB1267}"
EndProject
Project("{8BC9CEB8-8B4A-11D0-8D11-00A0C91BC942}") = "04 Edit Distance", "04 Edit Distance\04 Edit Distance.vcxproj", "{8D3ED7F9-FBD9-44BF-BE3C-283618421983}"
EndProject
Project("{8BC9CEB8-8B4A-11D0-8D11-00A0C91BC942}") = "05 Word Ladder II", "05 Word Ladder II\05 Word Ladder II.vcxproj", "{5AA67C19-7150-4AC4-96B3-49047E066784}"
EndProject
Project("{8BC9CEB8-8B4A-11D0-8D11-00A0C91BC942}") = "06 Decode Ways", "06 Decode Ways\06 Decode Ways.vcxproj", "{DC13FCBB-51D2-4E0D-AF03-8FD1596C03F7}"
EndProject
Project("{8BC9CEB8-8B4A-11D0-8D11-00A0C91BC942}") = "07 Permutations", "07 Permutations\07 Permutations.vcxproj", "{F64DF636-3D27-4A64-845D-E4786C1CC652}"
EndProject
Project("{8BC9CEB8-8B4A-11D0-8D11-00A0C91BC942}") = "08 Surrounded Regions", "08 Surrounded Regions\08 Surrounded Regions.vcxproj", "{B580BC19-DE49-46E1-918F-1512A064783F}"
EndProject
Project("{8BC9CEB8-8B4A-11D0-8D11-00A0C91BC942}") = "09 ZigZag Conversion", "09 ZigZag Conversion\09 ZigZag Conversion.vcxproj", "{DFE913AD-1C3A-47A5-9AF9-165FC1207636}"
EndProject
Project("{8BC9CEB8-8B4A-11D0-8D11-00A0C91BC942}") = "10 3Sum", "10 3Sum\10 3Sum.vcxproj", "{574EA83F-0EBF-42DA-B0C6-B3FAB89BCBBA}"
EndProject
Project("{8BC9CEB8-8B4A-11D0-8D11-00A0C91BC942}") = "11 Best Time to Buy and Sell Stock", "11 Best time to buy and sell stock\11 Best time to buy and sell stock.vcxproj", "{5CD232DE-8FD6-448C-862F-87630D75C0FB}"
EndProject
Project("{8BC9CEB8-8B4A-11D0-8D11-00A0C91BC942}") = "12 Memorable Telephone Numbers", "12 Memorable Telephone Numbers\12 Memorable Telephone Numbers.vcxproj", "{65FD32D3-7E11-402D-83CA-A53BA2ED7EE9}"
EndProject
Project("{8BC9CEB8-8B4A-11D0-8D11-00A0C91BC942}") = "13 Important Inversion Pair", "13 Important Inversion Pair\13 Important Inversion Pair.vcxproj", "{808E5832-AD06-4610-BDFE-DDA476432DCC}"
EndProject
Project("{8BC9CEB8-8B4A-11D0-8D11-00A0C91BC942}") = "14 Tram", "14 Tram\14 Tram.vcxproj", "{93A25448-5596-4CFA-BF24-5F6F56493472}"
EndProject
Project("{8BC9CEB8-8B4A-11D0-8D11-00A0C91BC942}") = "15 The Die Is Cast", "15 The Die Is Cast\15 The Die Is Cast.vcxproj", "{BDE79A17-58F6-4409-A9C2-1A284EBBA9CC}"
EndProject
Project("{8BC9CEB8-8B4A-11D0-8D11-00A0C91BC942}") = "16 Coin Change", "16 Coin Change\16 Coin Change.vcxproj", "{454CAB8B-92B0-456C-855B-E63F6F5703E7}"
EndProject
Project("{8BC9CEB8-8B4A-11D0-8D11-00A0C91BC942}") = "17 Packing Boxes", "17 Packing Boxes\17 Packing Boxes.vcxproj", "{BBA1857E-B402-4902-9FAD-A7A25BE22B57}"
EndProject
Project("{8BC9CEB8-8B4A-11D0-8D11-00A0C91BC942}") = "01 Count number of binary strings without consecutive 1", "01 Count number of binary strings without consecutive 1\01 Count number of binary strings without consecutive 1.vcxproj", "{DB034E30-181F-4421-8844-2323B39A6D02}"
EndProject
Project("{8BC9CEB8-8B4A-11D0-8D11-00A0C91BC942}") = "18 Film Festival", "18 Film Festival\18 Film Festival.vcxproj", "{E597771D-1BB9-4E7D-9D99-ED2167E81A75}"
EndProject
Project("{8BC9CEB8-8B4A-11D0-8D11-00A0C91BC942}") = "19 Gone Fishing", "19 Gone Fishing\19 Gone Fishing.vcxproj", "{4C9D28FC-7ED4-4306-95C0-930F03259241}"
EndProject
Project("{8BC9CEB8-8B4A-11D0-8D11-00A0C91BC942}") = "20 Dividing", "20 Dividing\20 Dividing.vcxproj", "{F306C18F-C190-4631-B091-F8937C2D7FED}"
EndProject
Project("{8BC9CEB8-8B4A-11D0-8D11-00A0C91BC942}") = "21 Numbers That Count", "21 Numbers That Count\21 Numbers That Count.vcxproj", "{37E5873B-B97B-4821-AD11-0051A7875773}"
EndProject
Project("{8BC9CEB8-8B4A-11D0-8D11-00A0C91BC942}") = "22 Ski", "22 Ski\22 Ski.vcxproj", "{E8B2F22A-DCB0-4351-8184-0BC5B79B1ADF}"
EndProject
Project("{8BC9CEB8-8B4A-11D0-8D11-00A0C91BC942}") = "23 Balance", "23 Balance\23 Balance.vcxproj", "{FE771167-0798-48D4-A3F5-92F01E9BB71B}"
EndProject
Project("{8BC9CEB8-8B4A-11D0-8D11-00A0C91BC942}") = "24 Cash Machine", "24 Cash Machine\24 Cash Machine.vcxproj", "{08F19EBA-E81C-4C9D-8289-74EADE538D88}"
EndProject
Project("{8BC9CEB8-8B4A-11D0-8D11-00A0C91BC942}") = "25 Wormholes", "25 Wormholes\25 Wormholes.vcxproj", "{1D961E5F-773E-41F2-BDF8-9D2AE1765C96}"
EndProject
Project("{8BC9CEB8-8B4A-11D0-8D11-00A0C91BC942}") = "26 Prime Path", "26 Prime Path\26 Prime Path.vcxproj", "{78AEADCB-4808-460E-B4B5-882670052C85}"
EndProject
Project("{8BC9CEB8-8B4A-11D0-8D11-00A0C91BC942}") = "27 Gold Balanced Lineup", "27 Gold Balanced Lineup\27 Gold Balanced Lineup.vcxproj", "{34AFF178-7554-499E-BE4B-701CCC27592B}"
EndProject
Project("{8BC9CEB8-8B4A-11D0-8D11-00A0C91BC942}") = "28 Fence Repair", "28 Fence Repair\28 Fence Repair.vcxproj", "{BD64881E-57A7-4B75-BC2D-E952DBD20874}"
EndProject
Project("{8BC9CEB8-8B4A-11D0-8D11-00A0C91BC942}") = "29 Radar Installation", "29 Radar Installation\29 Radar Installation.vcxproj", "{1233845C-6DE3-4EB2-91C0-AF79E9583CDF}"
EndProject
Project("{8BC9CEB8-8B4A-11D0-8D11-00A0C91BC942}") = "30 Edge Detection", "30 Edge Detection\30 Edge Detection.vcxproj", "{9289C76E-4D02-48C4-8257-5FFF8CF8383A}"
EndProject
Global
	GlobalSection(SolutionConfigurationPlatforms) = preSolution
		Debug|x64 = Debug|x64
		Debug|x86 = Debug|x86
		Release|x64 = Release|x64
		Release|x86 = Release|x86
	EndGlobalSection
	GlobalSection(ProjectConfigurationPlatforms) = postSolution
		{8E16617F-81DC-4D86-9732-8B1A1955641E}.Debug|x64.ActiveCfg = Debug|x64
		{8E16617F-81DC-4D86-9732-8B1A1955641E}.Debug|x64.Build.0 = Debug|x64
		{8E16617F-81DC-4D86-9732-8B1A1955641E}.Debug|x86.ActiveCfg = Debug|Win32
		{8E16617F-81DC-4D86-9732-8B1A1955641E}.Debug|x86.Build.0 = Debug|Win32
		{8E16617F-81DC-4D86-9732-8B1A1955641E}.Release|x64.ActiveCfg = Release|x64
		{8E16617F-81DC-4D86-9732-8B1A1955641E}.Release|x64.Build.0 = Release|x64
		{8E16617F-81DC-4D86-9732-8B1A1955641E}.Release|x86.ActiveCfg = Release|Win32
		{8E16617F-81DC-4D86-9732-8B1A1955641E}.Release|x86.Build.0 = Release|Win32
		{F76B9075-6BDD-4C60-89A4-4B1137AB1267}.Debug|x64.ActiveCfg = Debug|x64
		{F76B9075-6BDD-4C60-89A4-4B1137AB1267}.Debug|x64.Build.0 = Debug|x64
		{F76B9075-6BDD-4C60-89A4-4B1137AB1267}.Debug|x86.ActiveCfg = Debug|Win32
		{F76B9075-6BDD-4C60-89A4-4B1137AB1267}.Debug|x86.Build.0 = Debug|Win32
		{F76B9075-6BDD-4C60-89A4-4B1137AB1267}.Release|x64.ActiveCfg = Release|x64
		{F76B9075-6BDD-4C60-89A4-4B1137AB1267}.Release|x64.Build.0 = Release|x64
		{F76B9075-6BDD-4C60-89A4-4B1137AB1267}.Release|x86.ActiveCfg = Release|Win32
		{F76B9075-6BDD-4C60-89A4-4B1137AB1267}.Release|x86.Build.0 = Release|Win32
		{8D3ED7F9-FBD9-44BF-BE3C-283618421983}.Debug|x64.ActiveCfg = Debug|x64
		{8D3ED7F9-FBD9-44BF-BE3C-283618421983}.Debug|x64.Build.0 = Debug|x64
		{8D3ED7F9-FBD9-44BF-BE3C-283618421983}.Debug|x86.ActiveCfg = Debug|Win32
		{8D3ED7F9-FBD9-44BF-BE3C-283618421983}.Debug|x86.Build.0 = Debug|Win32
		{8D3ED7F9-FBD9-44BF-BE3C-283618421983}.Release|x64.ActiveCfg = Release|x64
		{8D3ED7F9-FBD9-44BF-BE3C-283618421983}.Release|x64.Build.0 = Release|x64
		{8D3ED7F9-FBD9-44BF-BE3C-283618421983}.Release|x86.ActiveCfg = Release|Win32
		{8D3ED7F9-FBD9-44BF-BE3C-283618421983}.Release|x86.Build.0 = Release|Win32
		{5AA67C19-7150-4AC4-96B3-49047E066784}.Debug|x64.ActiveCfg = Debug|x64
		{5AA67C19-7150-4AC4-96B3-49047E066784}.Debug|x64.Build.0 = Debug|x64
		{5AA67C19-7150-4AC4-96B3-49047E066784}.Debug|x86.ActiveCfg = Debug|Win32
		{5AA67C19-7150-4AC4-96B3-49047E066784}.Debug|x86.Build.0 = Debug|Win32
		{5AA67C19-7150-4AC4-96B3-49047E066784}.Release|x64.ActiveCfg = Release|x64
		{5AA67C19-7150-4AC4-96B3-49047E066784}.Release|x64.Build.0 = Release|x64
		{5AA67C19-7150-4AC4-96B3-49047E066784}.Release|x86.ActiveCfg = Release|Win32
		{5AA67C19-7150-4AC4-96B3-49047E066784}.Release|x86.Build.0 = Release|Win32
		{DC13FCBB-51D2-4E0D-AF03-8FD1596C03F7}.Debug|x64.ActiveCfg = Debug|x64
		{DC13FCBB-51D2-4E0D-AF03-8FD1596C03F7}.Debug|x64.Build.0 = Debug|x64
		{DC13FCBB-51D2-4E0D-AF03-8FD1596C03F7}.Debug|x86.ActiveCfg = Debug|Win32
		{DC13FCBB-51D2-4E0D-AF03-8FD1596C03F7}.Debug|x86.Build.0 = Debug|Win32
		{DC13FCBB-51D2-4E0D-AF03-8FD1596C03F7}.Release|x64.ActiveCfg = Release|x64
		{DC13FCBB-51D2-4E0D-AF03-8FD1596C03F7}.Release|x64.Build.0 = Release|x64
		{DC13FCBB-51D2-4E0D-AF03-8FD1596C03F7}.Release|x86.ActiveCfg = Release|Win32
		{DC13FCBB-51D2-4E0D-AF03-8FD1596C03F7}.Release|x86.Build.0 = Release|Win32
		{F64DF636-3D27-4A64-845D-E4786C1CC652}.Debug|x64.ActiveCfg = Debug|x64
		{F64DF636-3D27-4A64-845D-E4786C1CC652}.Debug|x64.Build.0 = Debug|x64
		{F64DF636-3D27-4A64-845D-E4786C1CC652}.Debug|x86.ActiveCfg = Debug|Win32
		{F64DF636-3D27-4A64-845D-E4786C1CC652}.Debug|x86.Build.0 = Debug|Win32
		{F64DF636-3D27-4A64-845D-E4786C1CC652}.Release|x64.ActiveCfg = Release|x64
		{F64DF636-3D27-4A64-845D-E4786C1CC652}.Release|x64.Build.0 = Release|x64
		{F64DF636-3D27-4A64-845D-E4786C1CC652}.Release|x86.ActiveCfg = Release|Win32
		{F64DF636-3D27-4A64-845D-E4786C1CC652}.Release|x86.Build.0 = Release|Win32
		{B580BC19-DE49-46E1-918F-1512A064783F}.Debug|x64.ActiveCfg = Debug|x64
		{B580BC19-DE49-46E1-918F-1512A064783F}.Debug|x64.Build.0 = Debug|x64
		{B580BC19-DE49-46E1-918F-1512A064783F}.Debug|x86.ActiveCfg = Debug|Win32
		{B580BC19-DE49-46E1-918F-1512A064783F}.Debug|x86.Build.0 = Debug|Win32
		{B580BC19-DE49-46E1-918F-1512A064783F}.Release|x64.ActiveCfg = Release|x64
		{B580BC19-DE49-46E1-918F-1512A064783F}.Release|x64.Build.0 = Release|x64
		{B580BC19-DE49-46E1-918F-1512A064783F}.Release|x86.ActiveCfg = Release|Win32
		{B580BC19-DE49-46E1-918F-1512A064783F}.Release|x86.Build.0 = Release|Win32
		{DFE913AD-1C3A-47A5-9AF9-165FC1207636}.Debug|x64.ActiveCfg = Debug|x64
		{DFE913AD-1C3A-47A5-9AF9-165FC1207636}.Debug|x64.Build.0 = Debug|x64
		{DFE913AD-1C3A-47A5-9AF9-165FC1207636}.Debug|x86.ActiveCfg = Debug|Win32
		{DFE913AD-1C3A-47A5-9AF9-165FC1207636}.Debug|x86.Build.0 = Debug|Win32
		{DFE913AD-1C3A-47A5-9AF9-165FC1207636}.Release|x64.ActiveCfg = Release|x64
		{DFE913AD-1C3A-47A5-9AF9-165FC1207636}.Release|x64.Build.0 = Release|x64
		{DFE913AD-1C3A-47A5-9AF9-165FC1207636}.Release|x86.ActiveCfg = Release|Win32
		{DFE913AD-1C3A-47A5-9AF9-165FC1207636}.Release|x86.Build.0 = Release|Win32
		{574EA83F-0EBF-42DA-B0C6-B3FAB89BCBBA}.Debug|x64.ActiveCfg = Debug|x64
		{574EA83F-0EBF-42DA-B0C6-B3FAB89BCBBA}.Debug|x64.Build.0 = Debug|x64
		{574EA83F-0EBF-42DA-B0C6-B3FAB89BCBBA}.Debug|x86.ActiveCfg = Debug|Win32
		{574EA83F-0EBF-42DA-B0C6-B3FAB89BCBBA}.Debug|x86.Build.0 = Debug|Win32
		{574EA83F-0EBF-42DA-B0C6-B3FAB89BCBBA}.Release|x64.ActiveCfg = Release|x64
		{574EA83F-0EBF-42DA-B0C6-B3FAB89BCBBA}.Release|x64.Build.0 = Release|x64
		{574EA83F-0EBF-42DA-B0C6-B3FAB89BCBBA}.Release|x86.ActiveCfg = Release|Win32
		{574EA83F-0EBF-42DA-B0C6-B3FAB89BCBBA}.Release|x86.Build.0 = Release|Win32
		{5CD232DE-8FD6-448C-862F-87630D75C0FB}.Debug|x64.ActiveCfg = Debug|x64
		{5CD232DE-8FD6-448C-862F-87630D75C0FB}.Debug|x64.Build.0 = Debug|x64
		{5CD232DE-8FD6-448C-862F-87630D75C0FB}.Debug|x86.ActiveCfg = Debug|Win32
		{5CD232DE-8FD6-448C-862F-87630D75C0FB}.Debug|x86.Build.0 = Debug|Win32
		{5CD232DE-8FD6-448C-862F-87630D75C0FB}.Release|x64.ActiveCfg = Release|x64
		{5CD232DE-8FD6-448C-862F-87630D75C0FB}.Release|x64.Build.0 = Release|x64
		{5CD232DE-8FD6-448C-862F-87630D75C0FB}.Release|x86.ActiveCfg = Release|Win32
		{5CD232DE-8FD6-448C-862F-87630D75C0FB}.Release|x86.Build.0 = Release|Win32
		{65FD32D3-7E11-402D-83CA-A53BA2ED7EE9}.Debug|x64.ActiveCfg = Debug|x64
		{65FD32D3-7E11-402D-83CA-A53BA2ED7EE9}.Debug|x64.Build.0 = Debug|x64
		{65FD32D3-7E11-402D-83CA-A53BA2ED7EE9}.Debug|x86.ActiveCfg = Debug|Win32
		{65FD32D3-7E11-402D-83CA-A53BA2ED7EE9}.Debug|x86.Build.0 = Debug|Win32
		{65FD32D3-7E11-402D-83CA-A53BA2ED7EE9}.Release|x64.ActiveCfg = Release|x64
		{65FD32D3-7E11-402D-83CA-A53BA2ED7EE9}.Release|x64.Build.0 = Release|x64
		{65FD32D3-7E11-402D-83CA-A53BA2ED7EE9}.Release|x86.ActiveCfg = Release|Win32
		{65FD32D3-7E11-402D-83CA-A53BA2ED7EE9}.Release|x86.Build.0 = Release|Win32
		{808E5832-AD06-4610-BDFE-DDA476432DCC}.Debug|x64.ActiveCfg = Debug|x64
		{808E5832-AD06-4610-BDFE-DDA476432DCC}.Debug|x64.Build.0 = Debug|x64
		{808E5832-AD06-4610-BDFE-DDA476432DCC}.Debug|x86.ActiveCfg = Debug|Win32
		{808E5832-AD06-4610-BDFE-DDA476432DCC}.Debug|x86.Build.0 = Debug|Win32
		{808E5832-AD06-4610-BDFE-DDA476432DCC}.Release|x64.ActiveCfg = Release|x64
		{808E5832-AD06-4610-BDFE-DDA476432DCC}.Release|x64.Build.0 = Release|x64
		{808E5832-AD06-4610-BDFE-DDA476432DCC}.Release|x86.ActiveCfg = Release|Win32
		{808E5832-AD06-4610-BDFE-DDA476432DCC}.Release|x86.Build.0 = Release|Win32
		{93A25448-5596-4CFA-BF24-5F6F56493472}.Debug|x64.ActiveCfg = Debug|x64
		{93A25448-5596-4CFA-BF24-5F6F56493472}.Debug|x64.Build.0 = Debug|x64
		{93A25448-5596-4CFA-BF24-5F6F56493472}.Debug|x86.ActiveCfg = Debug|Win32
		{93A25448-5596-4CFA-BF24-5F6F56493472}.Debug|x86.Build.0 = Debug|Win32
		{93A25448-5596-4CFA-BF24-5F6F56493472}.Release|x64.ActiveCfg = Release|x64
		{93A25448-5596-4CFA-BF24-5F6F56493472}.Release|x64.Build.0 = Release|x64
		{93A25448-5596-4CFA-BF24-5F6F56493472}.Release|x86.ActiveCfg = Release|Win32
		{93A25448-5596-4CFA-BF24-5F6F56493472}.Release|x86.Build.0 = Release|Win32
		{BDE79A17-58F6-4409-A9C2-1A284EBBA9CC}.Debug|x64.ActiveCfg = Debug|x64
		{BDE79A17-58F6-4409-A9C2-1A284EBBA9CC}.Debug|x64.Build.0 = Debug|x64
		{BDE79A17-58F6-4409-A9C2-1A284EBBA9CC}.Debug|x86.ActiveCfg = Debug|Win32
		{BDE79A17-58F6-4409-A9C2-1A284EBBA9CC}.Debug|x86.Build.0 = Debug|Win32
		{BDE79A17-58F6-4409-A9C2-1A284EBBA9CC}.Release|x64.ActiveCfg = Release|x64
		{BDE79A17-58F6-4409-A9C2-1A284EBBA9CC}.Release|x64.Build.0 = Release|x64
		{BDE79A17-58F6-4409-A9C2-1A284EBBA9CC}.Release|x86.ActiveCfg = Release|Win32
		{BDE79A17-58F6-4409-A9C2-1A284EBBA9CC}.Release|x86.Build.0 = Release|Win32
		{454CAB8B-92B0-456C-855B-E63F6F5703E7}.Debug|x64.ActiveCfg = Debug|x64
		{454CAB8B-92B0-456C-855B-E63F6F5703E7}.Debug|x64.Build.0 = Debug|x64
		{454CAB8B-92B0-456C-855B-E63F6F5703E7}.Debug|x86.ActiveCfg = Debug|Win32
		{454CAB8B-92B0-456C-855B-E63F6F5703E7}.Debug|x86.Build.0 = Debug|Win32
		{454CAB8B-92B0-456C-855B-E63F6F5703E7}.Release|x64.ActiveCfg = Release|x64
		{454CAB8B-92B0-456C-855B-E63F6F5703E7}.Release|x64.Build.0 = Release|x64
		{454CAB8B-92B0-456C-855B-E63F6F5703E7}.Release|x86.ActiveCfg = Release|Win32
		{454CAB8B-92B0-456C-855B-E63F6F5703E7}.Release|x86.Build.0 = Release|Win32
		{BBA1857E-B402-4902-9FAD-A7A25BE22B57}.Debug|x64.ActiveCfg = Debug|x64
		{BBA1857E-B402-4902-9FAD-A7A25BE22B57}.Debug|x64.Build.0 = Debug|x64
		{BBA1857E-B402-4902-9FAD-A7A25BE22B57}.Debug|x86.ActiveCfg = Debug|Win32
		{BBA1857E-B402-4902-9FAD-A7A25BE22B57}.Debug|x86.Build.0 = Debug|Win32
		{BBA1857E-B402-4902-9FAD-A7A25BE22B57}.Release|x64.ActiveCfg = Release|x64
		{BBA1857E-B402-4902-9FAD-A7A25BE22B57}.Release|x64.Build.0 = Release|x64
		{BBA1857E-B402-4902-9FAD-A7A25BE22B57}.Release|x86.ActiveCfg = Release|Win32
		{BBA1857E-B402-4902-9FAD-A7A25BE22B57}.Release|x86.Build.0 = Release|Win32
		{DB034E30-181F-4421-8844-2323B39A6D02}.Debug|x64.ActiveCfg = Debug|x64
		{DB034E30-181F-4421-8844-2323B39A6D02}.Debug|x64.Build.0 = Debug|x64
		{DB034E30-181F-4421-8844-2323B39A6D02}.Debug|x86.ActiveCfg = Debug|Win32
		{DB034E30-181F-4421-8844-2323B39A6D02}.Debug|x86.Build.0 = Debug|Win32
		{DB034E30-181F-4421-8844-2323B39A6D02}.Release|x64.ActiveCfg = Release|x64
		{DB034E30-181F-4421-8844-2323B39A6D02}.Release|x64.Build.0 = Release|x64
		{DB034E30-181F-4421-8844-2323B39A6D02}.Release|x86.ActiveCfg = Release|Win32
		{DB034E30-181F-4421-8844-2323B39A6D02}.Release|x86.Build.0 = Release|Win32
		{E597771D-1BB9-4E7D-9D99-ED2167E81A75}.Debug|x64.ActiveCfg = Debug|x64
		{E597771D-1BB9-4E7D-9D99-ED2167E81A75}.Debug|x64.Build.0 = Debug|x64
		{E597771D-1BB9-4E7D-9D99-ED2167E81A75}.Debug|x86.ActiveCfg = Debug|Win32
		{E597771D-1BB9-4E7D-9D99-ED2167E81A75}.Debug|x86.Build.0 = Debug|Win32
		{E597771D-1BB9-4E7D-9D99-ED2167E81A75}.Release|x64.ActiveCfg = Release|x64
		{E597771D-1BB9-4E7D-9D99-ED2167E81A75}.Release|x64.Build.0 = Release|x64
		{E597771D-1BB9-4E7D-9D99-ED2167E81A75}.Release|x86.ActiveCfg = Release|Win32
		{E597771D-1BB9-4E7D-9D99-ED2167E81A75}.Release|x86.Build.0 = Release|Win32
		{4C9D28FC-7ED4-4306-95C0-930F03259241}.Debug|x64.ActiveCfg = Debug|x64
		{4C9D28FC-7ED4-4306-95C0-930F03259241}.Debug|x64.Build.0 = Debug|x64
		{4C9D28FC-7ED4-4306-95C0-930F03259241}.Debug|x86.ActiveCfg = Debug|Win32
		{4C9D28FC-7ED4-4306-95C0-930F03259241}.Debug|x86.Build.0 = Debug|Win32
		{4C9D28FC-7ED4-4306-95C0-930F03259241}.Release|x64.ActiveCfg = Release|x64
		{4C9D28FC-7ED4-4306-95C0-930F03259241}.Release|x64.Build.0 = Release|x64
		{4C9D28FC-7ED4-4306-95C0-930F03259241}.Release|x86.ActiveCfg = Release|Win32
		{4C9D28FC-7ED4-4306-95C0-930F03259241}.Release|x86.Build.0 = Release|Win32
		{F306C18F-C190-4631-B091-F8937C2D7FED}.Debug|x64.ActiveCfg = Debug|x64
		{F306C18F-C190-4631-B091-F8937C2D7FED}.Debug|x64.Build.0 = Debug|x64
		{F306C18F-C190-4631-B091-F8937C2D7FED}.Debug|x86.ActiveCfg = Debug|Win32
		{F306C18F-C190-4631-B091-F8937C2D7FED}.Debug|x86.Build.0 = Debug|Win32
		{F306C18F-C190-4631-B091-F8937C2D7FED}.Release|x64.ActiveCfg = Release|x64
		{F306C18F-C190-4631-B091-F8937C2D7FED}.Release|x64.Build.0 = Release|x64
		{F306C18F-C190-4631-B091-F8937C2D7FED}.Release|x86.ActiveCfg = Release|Win32
		{F306C18F-C190-4631-B091-F8937C2D7FED}.Release|x86.Build.0 = Release|Win32
		{37E5873B-B97B-4821-AD11-0051A7875773}.Debug|x64.ActiveCfg = Debug|x64
		{37E5873B-B97B-4821-AD11-0051A7875773}.Debug|x64.Build.0 = Debug|x64
		{37E5873B-B97B-4821-AD11-0051A7875773}.Debug|x86.ActiveCfg = Debug|Win32
		{37E5873B-B97B-4821-AD11-0051A7875773}.Debug|x86.Build.0 = Debug|Win32
		{37E5873B-B97B-4821-AD11-0051A7875773}.Release|x64.ActiveCfg = Release|x64
		{37E5873B-B97B-4821-AD11-0051A7875773}.Release|x64.Build.0 = Release|x64
		{37E5873B-B97B-4821-AD11-0051A7875773}.Release|x86.ActiveCfg = Release|Win32
		{37E5873B-B97B-4821-AD11-0051A7875773}.Release|x86.Build.0 = Release|Win32
		{E8B2F22A-DCB0-4351-8184-0BC5B79B1ADF}.Debug|x64.ActiveCfg = Debug|x64
		{E8B2F22A-DCB0-4351-8184-0BC5B79B1ADF}.Debug|x64.Build.0 = Debug|x64
		{E8B2F22A-DCB0-4351-8184-0BC5B79B1ADF}.Debug|x86.ActiveCfg = Debug|Win32
		{E8B2F22A-DCB0-4351-8184-0BC5B79B1ADF}.Debug|x86.Build.0 = Debug|Win32
		{E8B2F22A-DCB0-4351-8184-0BC5B79B1ADF}.Release|x64.ActiveCfg = Release|x64
		{E8B2F22A-DCB0-4351-8184-0BC5B79B1ADF}.Release|x64.Build.0 = Release|x64
		{E8B2F22A-DCB0-4351-8184-0BC5B79B1ADF}.Release|x86.ActiveCfg = Release|Win32
		{E8B2F22A-DCB0-4351-8184-0BC5B79B1ADF}.Release|x86.Build.0 = Release|Win32
		{FE771167-0798-48D4-A3F5-92F01E9BB71B}.Debug|x64.ActiveCfg = Debug|x64
		{FE771167-0798-48D4-A3F5-92F01E9BB71B}.Debug|x64.Build.0 = Debug|x64
		{FE771167-0798-48D4-A3F5-92F01E9BB71B}.Debug|x86.ActiveCfg = Debug|Win32
		{FE771167-0798-48D4-A3F5-92F01E9BB71B}.Debug|x86.Build.0 = Debug|Win32
		{FE771167-0798-48D4-A3F5-92F01E9BB71B}.Release|x64.ActiveCfg = Release|x64
		{FE771167-0798-48D4-A3F5-92F01E9BB71B}.Release|x64.Build.0 = Release|x64
		{FE771167-0798-48D4-A3F5-92F01E9BB71B}.Release|x86.ActiveCfg = Release|Win32
		{FE771167-0798-48D4-A3F5-92F01E9BB71B}.Release|x86.Build.0 = Release|Win32
		{08F19EBA-E81C-4C9D-8289-74EADE538D88}.Debug|x64.ActiveCfg = Debug|x64
		{08F19EBA-E81C-4C9D-8289-74EADE538D88}.Debug|x64.Build.0 = Debug|x64
		{08F19EBA-E81C-4C9D-8289-74EADE538D88}.Debug|x86.ActiveCfg = Debug|Win32
		{08F19EBA-E81C-4C9D-8289-74EADE538D88}.Debug|x86.Build.0 = Debug|Win32
		{08F19EBA-E81C-4C9D-8289-74EADE538D88}.Release|x64.ActiveCfg = Release|x64
		{08F19EBA-E81C-4C9D-8289-74EADE538D88}.Release|x64.Build.0 = Release|x64
		{08F19EBA-E81C-4C9D-8289-74EADE538D88}.Release|x86.ActiveCfg = Release|Win32
		{08F19EBA-E81C-4C9D-8289-74EADE538D88}.Release|x86.Build.0 = Release|Win32
		{1D961E5F-773E-41F2-BDF8-9D2AE1765C96}.Debug|x64.ActiveCfg = Debug|x64
		{1D961E5F-773E-41F2-BDF8-9D2AE1765C96}.Debug|x64.Build.0 = Debug|x64
		{1D961E5F-773E-41F2-BDF8-9D2AE1765C96}.Debug|x86.ActiveCfg = Debug|Win32
		{1D961E5F-773E-41F2-BDF8-9D2AE1765C96}.Debug|x86.Build.0 = Debug|Win32
		{1D961E5F-773E-41F2-BDF8-9D2AE1765C96}.Release|x64.ActiveCfg = Release|x64
		{1D961E5F-773E-41F2-BDF8-9D2AE1765C96}.Release|x64.Build.0 = Release|x64
		{1D961E5F-773E-41F2-BDF8-9D2AE1765C96}.Release|x86.ActiveCfg = Release|Win32
		{1D961E5F-773E-41F2-BDF8-9D2AE1765C96}.Release|x86.Build.0 = Release|Win32
		{78AEADCB-4808-460E-B4B5-882670052C85}.Debug|x64.ActiveCfg = Debug|x64
		{78AEADCB-4808-460E-B4B5-882670052C85}.Debug|x64.Build.0 = Debug|x64
		{78AEADCB-4808-460E-B4B5-882670052C85}.Debug|x86.ActiveCfg = Debug|Win32
		{78AEADCB-4808-460E-B4B5-882670052C85}.Debug|x86.Build.0 = Debug|Win32
		{78AEADCB-4808-460E-B4B5-882670052C85}.Release|x64.ActiveCfg = Release|x64
		{78AEADCB-4808-460E-B4B5-882670052C85}.Release|x64.Build.0 = Release|x64
		{78AEADCB-4808-460E-B4B5-882670052C85}.Release|x86.ActiveCfg = Release|Win32
		{78AEADCB-4808-460E-B4B5-882670052C85}.Release|x86.Build.0 = Release|Win32
		{34AFF178-7554-499E-BE4B-701CCC27592B}.Debug|x64.ActiveCfg = Debug|x64
		{34AFF178-7554-499E-BE4B-701CCC27592B}.Debug|x64.Build.0 = Debug|x64
		{34AFF178-7554-499E-BE4B-701CCC27592B}.Debug|x86.ActiveCfg = Debug|Win32
		{34AFF178-7554-499E-BE4B-701CCC27592B}.Debug|x86.Build.0 = Debug|Win32
		{34AFF178-7554-499E-BE4B-701CCC27592B}.Release|x64.ActiveCfg = Release|x64
		{34AFF178-7554-499E-BE4B-701CCC27592B}.Release|x64.Build.0 = Release|x64
		{34AFF178-7554-499E-BE4B-701CCC27592B}.Release|x86.ActiveCfg = Release|Win32
		{34AFF178-7554-499E-BE4B-701CCC27592B}.Release|x86.Build.0 = Release|Win32
		{BD64881E-57A7-4B75-BC2D-E952DBD20874}.Debug|x64.ActiveCfg = Debug|x64
		{BD64881E-57A7-4B75-BC2D-E952DBD20874}.Debug|x64.Build.0 = Debug|x64
		{BD64881E-57A7-4B75-BC2D-E952DBD20874}.Debug|x86.ActiveCfg = Debug|Win32
		{BD64881E-57A7-4B75-BC2D-E952DBD20874}.Debug|x86.Build.0 = Debug|Win32
		{BD64881E-57A7-4B75-BC2D-E952DBD20874}.Release|x64.ActiveCfg = Release|x64
		{BD64881E-57A7-4B75-BC2D-E952DBD20874}.Release|x64.Build.0 = Release|x64
		{BD64881E-57A7-4B75-BC2D-E952DBD20874}.Release|x86.ActiveCfg = Release|Win32
		{BD64881E-57A7-4B75-BC2D-E952DBD20874}.Release|x86.Build.0 = Release|Win32
		{1233845C-6DE3-4EB2-91C0-AF79E9583CDF}.Debug|x64.ActiveCfg = Debug|x64
		{1233845C-6DE3-4EB2-91C0-AF79E9583CDF}.Debug|x64.Build.0 = Debug|x64
		{1233845C-6DE3-4EB2-91C0-AF79E9583CDF}.Debug|x86.ActiveCfg = Debug|Win32
		{1233845C-6DE3-4EB2-91C0-AF79E9583CDF}.Debug|x86.Build.0 = Debug|Win32
		{1233845C-6DE3-4EB2-91C0-AF79E9583CDF}.Release|x64.ActiveCfg = Release|x64
		{1233845C-6DE3-4EB2-91C0-AF79E9583CDF}.Release|x64.Build.0 = Release|x64
		{1233845C-6DE3-4EB2-91C0-AF79E9583CDF}.Release|x86.ActiveCfg = Release|Win32
		{1233845C-6DE3-4EB2-91C0-AF79E9583CDF}.Release|x86.Build.0 = Release|Win32
		{9289C76E-4D02-48C4-8257-5FFF8CF8383A}.Debug|x64.ActiveCfg = Debug|x64
		{9289C76E-4D02-48C4-8257-5FFF8CF8383A}.Debug|x64.Build.0 = Debug|x64
		{9289C76E-4D02-48C4-8257-5FFF8CF8383A}.Debug|x86.ActiveCfg = Debug|Win32
		{9289C76E-4D02-48C4-8257-5FFF8CF8383A}.Debug|x86.Build.0 = Debug|Win32
		{9289C76E-4D02-48C4-8257-5FFF8CF8383A}.Release|x64.ActiveCfg = Release|x64
		{9289C76E-4D02-48C4-8257-5FFF8CF8383A}.Release|x64.Build.0 = Release|x64
		{9289C76E-4D02-48C4-8257-5FFF8CF8383A}.Release|x86.ActiveCfg = Release|Win32
		{9289C76E-4D02-48C4-8257-5FFF8CF8383A}.Release|x86.Build.0 = Release|Win32
	EndGlobalSection
	GlobalSection(SolutionProperties) = preSolution
		HideSolutionNode = FALSE
	EndGlobalSection
	GlobalSection(ExtensibilityGlobals) = postSolution
		SolutionGuid = {AAFFF479-1733-48E3-8D41-7CBFB456CF6A}
	EndGlobalSection
EndGlobal
